// !$*UTF8*$!
{
	archiveVersion = 1;
	classes = {
	};
	objectVersion = 50;
	objects = {

/* Begin PBXBuildFile section */
		563CAF392431D2B80016FF07 /* String+Extensions.swift in Sources */ = {isa = PBXBuildFile; fileRef = 563CAF382431D2B80016FF07 /* String+Extensions.swift */; };
		563CAF3B2431D3B60016FF07 /* Optional+Extensions.swift in Sources */ = {isa = PBXBuildFile; fileRef = 563CAF3A2431D3B60016FF07 /* Optional+Extensions.swift */; };
		5ECEA052239C6F2600C85C97 /* AppDelegate.swift in Sources */ = {isa = PBXBuildFile; fileRef = 5ECEA051239C6F2600C85C97 /* AppDelegate.swift */; };
		5ECEA054239C6F2600C85C97 /* SceneDelegate.swift in Sources */ = {isa = PBXBuildFile; fileRef = 5ECEA053239C6F2600C85C97 /* SceneDelegate.swift */; };
		5ECEA056239C6F2600C85C97 /* ViewController.swift in Sources */ = {isa = PBXBuildFile; fileRef = 5ECEA055239C6F2600C85C97 /* ViewController.swift */; };
		5ECEA059239C6F2600C85C97 /* Main.storyboard in Resources */ = {isa = PBXBuildFile; fileRef = 5ECEA057239C6F2600C85C97 /* Main.storyboard */; };
		5ECEA05B239C6F2800C85C97 /* Assets.xcassets in Resources */ = {isa = PBXBuildFile; fileRef = 5ECEA05A239C6F2800C85C97 /* Assets.xcassets */; };
		5ECEA05E239C6F2800C85C97 /* LaunchScreen.storyboard in Resources */ = {isa = PBXBuildFile; fileRef = 5ECEA05C239C6F2800C85C97 /* LaunchScreen.storyboard */; };
		5ECEA067239C6FAD00C85C97 /* TableDataSource.swift in Sources */ = {isa = PBXBuildFile; fileRef = 5ECEA066239C6FAD00C85C97 /* TableDataSource.swift */; };
/* End PBXBuildFile section */

/* Begin PBXFileReference section */
		563CAF382431D2B80016FF07 /* String+Extensions.swift */ = {isa = PBXFileReference; lastKnownFileType = sourcecode.swift; path = "String+Extensions.swift"; sourceTree = "<group>"; };
		563CAF3A2431D3B60016FF07 /* Optional+Extensions.swift */ = {isa = PBXFileReference; lastKnownFileType = sourcecode.swift; path = "Optional+Extensions.swift"; sourceTree = "<group>"; };
		5ECEA04E239C6F2600C85C97 /* SAPSwiftLib.app */ = {isa = PBXFileReference; explicitFileType = wrapper.application; includeInIndex = 0; path = SAPSwiftLib.app; sourceTree = BUILT_PRODUCTS_DIR; };
		5ECEA051239C6F2600C85C97 /* AppDelegate.swift */ = {isa = PBXFileReference; lastKnownFileType = sourcecode.swift; path = AppDelegate.swift; sourceTree = "<group>"; };
		5ECEA053239C6F2600C85C97 /* SceneDelegate.swift */ = {isa = PBXFileReference; lastKnownFileType = sourcecode.swift; path = SceneDelegate.swift; sourceTree = "<group>"; };
		5ECEA055239C6F2600C85C97 /* ViewController.swift */ = {isa = PBXFileReference; lastKnownFileType = sourcecode.swift; path = ViewController.swift; sourceTree = "<group>"; };
		5ECEA058239C6F2600C85C97 /* Base */ = {isa = PBXFileReference; lastKnownFileType = file.storyboard; name = Base; path = Base.lproj/Main.storyboard; sourceTree = "<group>"; };
		5ECEA05A239C6F2800C85C97 /* Assets.xcassets */ = {isa = PBXFileReference; lastKnownFileType = folder.assetcatalog; path = Assets.xcassets; sourceTree = "<group>"; };
		5ECEA05D239C6F2800C85C97 /* Base */ = {isa = PBXFileReference; lastKnownFileType = file.storyboard; name = Base; path = Base.lproj/LaunchScreen.storyboard; sourceTree = "<group>"; };
		5ECEA05F239C6F2800C85C97 /* Info.plist */ = {isa = PBXFileReference; lastKnownFileType = text.plist.xml; path = Info.plist; sourceTree = "<group>"; };
		5ECEA066239C6FAD00C85C97 /* TableDataSource.swift */ = {isa = PBXFileReference; fileEncoding = 4; lastKnownFileType = sourcecode.swift; path = TableDataSource.swift; sourceTree = "<group>"; };
/* End PBXFileReference section */

/* Begin PBXFrameworksBuildPhase section */
		5ECEA04B239C6F2600C85C97 /* Frameworks */ = {
			isa = PBXFrameworksBuildPhase;
			buildActionMask = 2147483647;
			files = (
			);
			runOnlyForDeploymentPostprocessing = 0;
		};
/* End PBXFrameworksBuildPhase section */

/* Begin PBXGroup section */
		563CAF372431D29D0016FF07 /* Extensions */ = {
			isa = PBXGroup;
			children = (
				563CAF382431D2B80016FF07 /* String+Extensions.swift */,
				563CAF3A2431D3B60016FF07 /* Optional+Extensions.swift */,
			);
			path = Extensions;
			sourceTree = "<group>";
		};
		5ECEA045239C6F2600C85C97 = {
			isa = PBXGroup;
			children = (
				5ECEA050239C6F2600C85C97 /* SAPSwiftLib */,
				5ECEA04F239C6F2600C85C97 /* Products */,
			);
			sourceTree = "<group>";
		};
		5ECEA04F239C6F2600C85C97 /* Products */ = {
			isa = PBXGroup;
			children = (
				5ECEA04E239C6F2600C85C97 /* SAPSwiftLib.app */,
			);
			name = Products;
			sourceTree = "<group>";
		};
		5ECEA050239C6F2600C85C97 /* SAPSwiftLib */ = {
			isa = PBXGroup;
			children = (
				5ECEA065239C6F3600C85C97 /* Lib */,
				5ECEA051239C6F2600C85C97 /* AppDelegate.swift */,
				5ECEA053239C6F2600C85C97 /* SceneDelegate.swift */,
				5ECEA055239C6F2600C85C97 /* ViewController.swift */,
				5ECEA057239C6F2600C85C97 /* Main.storyboard */,
				5ECEA05A239C6F2800C85C97 /* Assets.xcassets */,
				5ECEA05C239C6F2800C85C97 /* LaunchScreen.storyboard */,
				5ECEA05F239C6F2800C85C97 /* Info.plist */,
			);
			path = SAPSwiftLib;
			sourceTree = "<group>";
		};
		5ECEA065239C6F3600C85C97 /* Lib */ = {
			isa = PBXGroup;
			children = (
				563CAF372431D29D0016FF07 /* Extensions */,
				5ECEA066239C6FAD00C85C97 /* TableDataSource.swift */,
			);
			path = Lib;
			sourceTree = "<group>";
		};
/* End PBXGroup section */

/* Begin PBXNativeTarget section */
		5ECEA04D239C6F2600C85C97 /* SAPSwiftLib */ = {
			isa = PBXNativeTarget;
			buildConfigurationList = 5ECEA062239C6F2800C85C97 /* Build configuration list for PBXNativeTarget "SAPSwiftLib" */;
			buildPhases = (
				5ECEA04A239C6F2600C85C97 /* Sources */,
				5ECEA04B239C6F2600C85C97 /* Frameworks */,
				5ECEA04C239C6F2600C85C97 /* Resources */,
			);
			buildRules = (
			);
			dependencies = (
			);
			name = SAPSwiftLib;
			productName = SAPSwiftLib;
			productReference = 5ECEA04E239C6F2600C85C97 /* SAPSwiftLib.app */;
			productType = "com.apple.product-type.application";
		};
/* End PBXNativeTarget section */

/* Begin PBXProject section */
		5ECEA046239C6F2600C85C97 /* Project object */ = {
			isa = PBXProject;
			attributes = {
				LastSwiftUpdateCheck = 1110;
				LastUpgradeCheck = 1110;
				ORGANIZATIONNAME = ASH;
				TargetAttributes = {
					5ECEA04D239C6F2600C85C97 = {
						CreatedOnToolsVersion = 11.1;
					};
				};
			};
			buildConfigurationList = 5ECEA049239C6F2600C85C97 /* Build configuration list for PBXProject "SAPSwiftLib" */;
			compatibilityVersion = "Xcode 9.3";
			developmentRegion = en;
			hasScannedForEncodings = 0;
			knownRegions = (
				en,
				Base,
			);
			mainGroup = 5ECEA045239C6F2600C85C97;
			productRefGroup = 5ECEA04F239C6F2600C85C97 /* Products */;
			projectDirPath = "";
			projectRoot = "";
			targets = (
				5ECEA04D239C6F2600C85C97 /* SAPSwiftLib */,
			);
		};
/* End PBXProject section */

/* Begin PBXResourcesBuildPhase section */
		5ECEA04C239C6F2600C85C97 /* Resources */ = {
			isa = PBXResourcesBuildPhase;
			buildActionMask = 2147483647;
			files = (
				5ECEA05E239C6F2800C85C97 /* LaunchScreen.storyboard in Resources */,
				5ECEA05B239C6F2800C85C97 /* Assets.xcassets in Resources */,
				5ECEA059239C6F2600C85C97 /* Main.storyboard in Resources */,
			);
			runOnlyForDeploymentPostprocessing = 0;
		};
/* End PBXResourcesBuildPhase section */

/* Begin PBXSourcesBuildPhase section */
		5ECEA04A239C6F2600C85C97 /* Sources */ = {
			isa = PBXSourcesBuildPhase;
			buildActionMask = 2147483647;
			files = (
				563CAF392431D2B80016FF07 /* String+Extensions.swift in Sources */,
				563CAF3B2431D3B60016FF07 /* Optional+Extensions.swift in Sources */,
				5ECEA056239C6F2600C85C97 /* ViewController.swift in Sources */,
				5ECEA052239C6F2600C85C97 /* AppDelegate.swift in Sources */,
				5ECEA054239C6F2600C85C97 /* SceneDelegate.swift in Sources */,
				5ECEA067239C6FAD00C85C97 /* TableDataSource.swift in Sources */,
			);
			runOnlyForDeploymentPostprocessing = 0;
		};
/* End PBXSourcesBuildPhase section */

/* Begin PBXVariantGroup section */
		5ECEA057239C6F2600C85C97 /* Main.storyboard */ = {
			isa = PBXVariantGroup;
			children = (
				5ECEA058239C6F2600C85C97 /* Base */,
			);
			name = Main.storyboard;
			sourceTree = "<group>";
		};
		5ECEA05C239C6F2800C85C97 /* LaunchScreen.storyboard */ = {
			isa = PBXVariantGroup;
			children = (
				5ECEA05D239C6F2800C85C97 /* Base */,
			);
			name = LaunchScreen.storyboard;
			sourceTree = "<group>";
		};
/* End PBXVariantGroup section */

/* Begin XCBuildConfiguration section */
		5ECEA060239C6F2800C85C97 /* Debug */ = {
			isa = XCBuildConfiguration;
			buildSettings = {
				ALWAYS_SEARCH_USER_PATHS = NO;
				CLANG_ANALYZER_NONNULL = YES;
				CLANG_ANALYZER_NUMBER_OBJECT_CONVERSION = YES_AGGRESSIVE;
				CLANG_CXX_LANGUAGE_STANDARD = "gnu++14";
				CLANG_CXX_LIBRARY = "libc++";
				CLANG_ENABLE_MODULES = YES;
				CLANG_ENABLE_OBJC_ARC = YES;
				CLANG_ENABLE_OBJC_WEAK = YES;
				CLANG_WARN_BLOCK_CAPTURE_AUTORELEASING = YES;
				CLANG_WARN_BOOL_CONVERSION = YES;
				CLANG_WARN_COMMA = YES;
				CLANG_WARN_CONSTANT_CONVERSION = YES;
				CLANG_WARN_DEPRECATED_OBJC_IMPLEMENTATIONS = YES;
				CLANG_WARN_DIRECT_OBJC_ISA_USAGE = YES_ERROR;
				CLANG_WARN_DOCUMENTATION_COMMENTS = YES;
				CLANG_WARN_EMPTY_BODY = YES;
				CLANG_WARN_ENUM_CONVERSION = YES;
				CLANG_WARN_INFINITE_RECURSION = YES;
				CLANG_WARN_INT_CONVERSION = YES;
				CLANG_WARN_NON_LITERAL_NULL_CONVERSION = YES;
				CLANG_WARN_OBJC_IMPLICIT_RETAIN_SELF = YES;
				CLANG_WARN_OBJC_LITERAL_CONVERSION = YES;
				CLANG_WARN_OBJC_ROOT_CLASS = YES_ERROR;
				CLANG_WARN_RANGE_LOOP_ANALYSIS = YES;
				CLANG_WARN_STRICT_PROTOTYPES = YES;
				CLANG_WARN_SUSPICIOUS_MOVE = YES;
				CLANG_WARN_UNGUARDED_AVAILABILITY = YES_AGGRESSIVE;
				CLANG_WARN_UNREACHABLE_CODE = YES;
				CLANG_WARN__DUPLICATE_METHOD_MATCH = YES;
				COPY_PHASE_STRIP = NO;
				DEBUG_INFORMATION_FORMAT = dwarf;
				ENABLE_STRICT_OBJC_MSGSEND = YES;
				ENABLE_TESTABILITY = YES;
				GCC_C_LANGUAGE_STANDARD = gnu11;
				GCC_DYNAMIC_NO_PIC = NO;
				GCC_NO_COMMON_BLOCKS = YES;
				GCC_OPTIMIZATION_LEVEL = 0;
				GCC_PREPROCESSOR_DEFINITIONS = (
					"DEBUG=1",
					"$(inherited)",
				);
				GCC_WARN_64_TO_32_BIT_CONVERSION = YES;
				GCC_WARN_ABOUT_RETURN_TYPE = YES_ERROR;
				GCC_WARN_UNDECLARED_SELECTOR = YES;
				GCC_WARN_UNINITIALIZED_AUTOS = YES_AGGRESSIVE;
				GCC_WARN_UNUSED_FUNCTION = YES;
				GCC_WARN_UNUSED_VARIABLE = YES;
				IPHONEOS_DEPLOYMENT_TARGET = 13.1;
				MTL_ENABLE_DEBUG_INFO = INCLUDE_SOURCE;
				MTL_FAST_MATH = YES;
				ONLY_ACTIVE_ARCH = YES;
				SDKROOT = iphoneos;
				SWIFT_ACTIVE_COMPILATION_CONDITIONS = DEBUG;
				SWIFT_OPTIMIZATION_LEVEL = "-Onone";
			};
			name = Debug;
		};
		5ECEA061239C6F2800C85C97 /* Release */ = {
			isa = XCBuildConfiguration;
			buildSettings = {
				ALWAYS_SEARCH_USER_PATHS = NO;
				CLANG_ANALYZER_NONNULL = YES;
				CLANG_ANALYZER_NUMBER_OBJECT_CONVERSION = YES_AGGRESSIVE;
				CLANG_CXX_LANGUAGE_STANDARD = "gnu++14";
				CLANG_CXX_LIBRARY = "libc++";
				CLANG_ENABLE_MODULES = YES;
				CLANG_ENABLE_OBJC_ARC = YES;
				CLANG_ENABLE_OBJC_WEAK = YES;
				CLANG_WARN_BLOCK_CAPTURE_AUTORELEASING = YES;
				CLANG_WARN_BOOL_CONVERSION = YES;
				CLANG_WARN_COMMA = YES;
				CLANG_WARN_CONSTANT_CONVERSION = YES;
				CLANG_WARN_DEPRECATED_OBJC_IMPLEMENTATIONS = YES;
				CLANG_WARN_DIRECT_OBJC_ISA_USAGE = YES_ERROR;
				CLANG_WARN_DOCUMENTATION_COMMENTS = YES;
				CLANG_WARN_EMPTY_BODY = YES;
				CLANG_WARN_ENUM_CONVERSION = YES;
				CLANG_WARN_INFINITE_RECURSION = YES;
				CLANG_WARN_INT_CONVERSION = YES;
				CLANG_WARN_NON_LITERAL_NULL_CONVERSION = YES;
				CLANG_WARN_OBJC_IMPLICIT_RETAIN_SELF = YES;
				CLANG_WARN_OBJC_LITERAL_CONVERSION = YES;
				CLANG_WARN_OBJC_ROOT_CLASS = YES_ERROR;
				CLANG_WARN_RANGE_LOOP_ANALYSIS = YES;
				CLANG_WARN_STRICT_PROTOTYPES = YES;
				CLANG_WARN_SUSPICIOUS_MOVE = YES;
				CLANG_WARN_UNGUARDED_AVAILABILITY = YES_AGGRESSIVE;
				CLANG_WARN_UNREACHABLE_CODE = YES;
				CLANG_WARN__DUPLICATE_METHOD_MATCH = YES;
				COPY_PHASE_STRIP = NO;
				DEBUG_INFORMATION_FORMAT = "dwarf-with-dsym";
				ENABLE_NS_ASSERTIONS = NO;
				ENABLE_STRICT_OBJC_MSGSEND = YES;
				GCC_C_LANGUAGE_STANDARD = gnu11;
				GCC_NO_COMMON_BLOCKS = YES;
				GCC_WARN_64_TO_32_BIT_CONVERSION = YES;
				GCC_WARN_ABOUT_RETURN_TYPE = YES_ERROR;
				GCC_WARN_UNDECLARED_SELECTOR = YES;
				GCC_WARN_UNINITIALIZED_AUTOS = YES_AGGRESSIVE;
				GCC_WARN_UNUSED_FUNCTION = YES;
				GCC_WARN_UNUSED_VARIABLE = YES;
				IPHONEOS_DEPLOYMENT_TARGET = 13.1;
				MTL_ENABLE_DEBUG_INFO = NO;
				MTL_FAST_MATH = YES;
				SDKROOT = iphoneos;
				SWIFT_COMPILATION_MODE = wholemodule;
				SWIFT_OPTIMIZATION_LEVEL = "-O";
				VALIDATE_PRODUCT = YES;
			};
			name = Release;
		};
		5ECEA063239C6F2800C85C97 /* Debug */ = {
			isa = XCBuildConfiguration;
			buildSettings = {
				ASSETCATALOG_COMPILER_APPICON_NAME = AppIcon;
				CODE_SIGN_STYLE = Automatic;
				DEVELOPMENT_TEAM = K556B6FN82;
				INFOPLIST_FILE = SAPSwiftLib/Info.plist;
				LD_RUNPATH_SEARCH_PATHS = (
					"$(inherited)",
					"@executable_path/Frameworks",
				);
				PRODUCT_BUNDLE_IDENTIFIER = ASH.SAPSwiftLib;
				PRODUCT_NAME = "$(TARGET_NAME)";
				SWIFT_VERSION = 5.0;
				TARGETED_DEVICE_FAMILY = "1,2";
			};
			name = Debug;
		};
		5ECEA064239C6F2800C85C97 /* Release */ = {
			isa = XCBuildConfiguration;
			buildSettings = {
				ASSETCATALOG_COMPILER_APPICON_NAME = AppIcon;
				CODE_SIGN_STYLE = Automatic;
				DEVELOPMENT_TEAM = K556B6FN82;
				INFOPLIST_FILE = SAPSwiftLib/Info.plist;
				LD_RUNPATH_SEARCH_PATHS = (
					"$(inherited)",
					"@executable_path/Frameworks",
				);
				PRODUCT_BUNDLE_IDENTIFIER = ASH.SAPSwiftLib;
				PRODUCT_NAME = "$(TARGET_NAME)";
				SWIFT_VERSION = 5.0;
				TARGETED_DEVICE_FAMILY = "1,2";
			};
			name = Release;
		};
/* End XCBuildConfiguration section */

/* Begin XCConfigurationList section */
		5ECEA049239C6F2600C85C97 /* Build configuration list for PBXProject "SAPSwiftLib" */ = {
			isa = XCConfigurationList;
			buildConfigurations = (
				5ECEA060239C6F2800C85C97 /* Debug */,
				5ECEA061239C6F2800C85C97 /* Release */,
			);
			defaultConfigurationIsVisible = 0;
			defaultConfigurationName = Release;
		};
		5ECEA062239C6F2800C85C97 /* Build configuration list for PBXNativeTarget "SAPSwiftLib" */ = {
			isa = XCConfigurationList;
			buildConfigurations = (
				5ECEA063239C6F2800C85C97 /* Debug */,
				5ECEA064239C6F2800C85C97 /* Release */,
			);
			defaultConfigurationIsVisible = 0;
			defaultConfigurationName = Release;
		};
/* End XCConfigurationList section */
	};
	rootObject = 5ECEA046239C6F2600C85C97 /* Project object */;
}
